// !$*UTF8*$!
{
	archiveVersion = 1;
	classes = {
	};
	objectVersion = 46;
	objects = {

/* Begin PBXBuildFile section */
		D2ECD8E41BA659E200FD1CE4 /* main.m in Sources */ = {isa = PBXBuildFile; fileRef = D2ECD8E31BA659E200FD1CE4 /* main.m */; };
		D2ECD8E71BA659E200FD1CE4 /* AppDelegate.m in Sources */ = {isa = PBXBuildFile; fileRef = D2ECD8E61BA659E200FD1CE4 /* AppDelegate.m */; };
		D2ECD8EA1BA659E200FD1CE4 /* ViewController.m in Sources */ = {isa = PBXBuildFile; fileRef = D2ECD8E91BA659E200FD1CE4 /* ViewController.m */; };
		D2ECD8ED1BA659E200FD1CE4 /* Main.storyboard in Resources */ = {isa = PBXBuildFile; fileRef = D2ECD8EB1BA659E200FD1CE4 /* Main.storyboard */; };
		D2ECD8EF1BA659E200FD1CE4 /* Images.xcassets in Resources */ = {isa = PBXBuildFile; fileRef = D2ECD8EE1BA659E200FD1CE4 /* Images.xcassets */; };
		D2ECD8F21BA659E200FD1CE4 /* LaunchScreen.xib in Resources */ = {isa = PBXBuildFile; fileRef = D2ECD8F01BA659E200FD1CE4 /* LaunchScreen.xib */; };
		D2ECD8FE1BA659E200FD1CE4 /* _2___Tests.m in Sources */ = {isa = PBXBuildFile; fileRef = D2ECD8FD1BA659E200FD1CE4 /* _2___Tests.m */; };
/* End PBXBuildFile section */

/* Begin PBXContainerItemProxy section */
		D2ECD8F81BA659E200FD1CE4 /* PBXContainerItemProxy */ = {
			isa = PBXContainerItemProxy;
			containerPortal = D2ECD8D61BA659E200FD1CE4 /* Project object */;
			proxyType = 1;
			remoteGlobalIDString = D2ECD8DD1BA659E200FD1CE4;
			remoteInfo = "02-截屏";
		};
/* End PBXContainerItemProxy section */

/* Begin PBXFileReference section */
		D2ECD8DE1BA659E200FD1CE4 /* 02-截屏.app */ = {isa = PBXFileReference; explicitFileType = wrapper.application; includeInIndex = 0; path = "02-截屏.app"; sourceTree = BUILT_PRODUCTS_DIR; };
		D2ECD8E21BA659E200FD1CE4 /* Info.plist */ = {isa = PBXFileReference; lastKnownFileType = text.plist.xml; path = Info.plist; sourceTree = "<group>"; };
		D2ECD8E31BA659E200FD1CE4 /* main.m */ = {isa = PBXFileReference; lastKnownFileType = sourcecode.c.objc; path = main.m; sourceTree = "<group>"; };
		D2ECD8E51BA659E200FD1CE4 /* AppDelegate.h */ = {isa = PBXFileReference; lastKnownFileType = sourcecode.c.h; path = AppDelegate.h; sourceTree = "<group>"; };
		D2ECD8E61BA659E200FD1CE4 /* AppDelegate.m */ = {isa = PBXFileReference; lastKnownFileType = sourcecode.c.objc; path = AppDelegate.m; sourceTree = "<group>"; };
		D2ECD8E81BA659E200FD1CE4 /* ViewController.h */ = {isa = PBXFileReference; lastKnownFileType = sourcecode.c.h; path = ViewController.h; sourceTree = "<group>"; };
		D2ECD8E91BA659E200FD1CE4 /* ViewController.m */ = {isa = PBXFileReference; lastKnownFileType = sourcecode.c.objc; path = ViewController.m; sourceTree = "<group>"; };
		D2ECD8EC1BA659E200FD1CE4 /* Base */ = {isa = PBXFileReference; lastKnownFileType = file.storyboard; name = Base; path = Base.lproj/Main.storyboard; sourceTree = "<group>"; };
		D2ECD8EE1BA659E200FD1CE4 /* Images.xcassets */ = {isa = PBXFileReference; lastKnownFileType = folder.assetcatalog; path = Images.xcassets; sourceTree = "<group>"; };
		D2ECD8F11BA659E200FD1CE4 /* Base */ = {isa = PBXFileReference; lastKnownFileType = file.xib; name = Base; path = Base.lproj/LaunchScreen.xib; sourceTree = "<group>"; };
		D2ECD8F71BA659E200FD1CE4 /* 02-截屏Tests.xctest */ = {isa = PBXFileReference; explicitFileType = wrapper.cfbundle; includeInIndex = 0; path = "02-截屏Tests.xctest"; sourceTree = BUILT_PRODUCTS_DIR; };
		D2ECD8FC1BA659E200FD1CE4 /* Info.plist */ = {isa = PBXFileReference; lastKnownFileType = text.plist.xml; path = Info.plist; sourceTree = "<group>"; };
		D2ECD8FD1BA659E200FD1CE4 /* _2___Tests.m */ = {isa = PBXFileReference; lastKnownFileType = sourcecode.c.objc; path = "_2___Tests.m"; sourceTree = "<group>"; };
/* End PBXFileReference section */

/* Begin PBXFrameworksBuildPhase section */
		D2ECD8DB1BA659E200FD1CE4 /* Frameworks */ = {
			isa = PBXFrameworksBuildPhase;
			buildActionMask = 2147483647;
			files = (
			);
			runOnlyForDeploymentPostprocessing = 0;
		};
		D2ECD8F41BA659E200FD1CE4 /* Frameworks */ = {
			isa = PBXFrameworksBuildPhase;
			buildActionMask = 2147483647;
			files = (
			);
			runOnlyForDeploymentPostprocessing = 0;
		};
/* End PBXFrameworksBuildPhase section */

/* Begin PBXGroup section */
		D2ECD8D51BA659E200FD1CE4 = {
			isa = PBXGroup;
			children = (
				D2ECD8E01BA659E200FD1CE4 /* 02-截屏 */,
				D2ECD8FA1BA659E200FD1CE4 /* 02-截屏Tests */,
				D2ECD8DF1BA659E200FD1CE4 /* Products */,
			);
			sourceTree = "<group>";
		};
		D2ECD8DF1BA659E200FD1CE4 /* Products */ = {
			isa = PBXGroup;
			children = (
				D2ECD8DE1BA659E200FD1CE4 /* 02-截屏.app */,
				D2ECD8F71BA659E200FD1CE4 /* 02-截屏Tests.xctest */,
			);
			name = Products;
			sourceTree = "<group>";
		};
		D2ECD8E01BA659E200FD1CE4 /* 02-截屏 */ = {
			isa = PBXGroup;
			children = (
				D2ECD8E51BA659E200FD1CE4 /* AppDelegate.h */,
				D2ECD8E61BA659E200FD1CE4 /* AppDelegate.m */,
				D2ECD8E81BA659E200FD1CE4 /* ViewController.h */,
				D2ECD8E91BA659E200FD1CE4 /* ViewController.m */,
				D2ECD8EB1BA659E200FD1CE4 /* Main.storyboard */,
				D2ECD8EE1BA659E200FD1CE4 /* Images.xcassets */,
				D2ECD8F01BA659E200FD1CE4 /* LaunchScreen.xib */,
				D2ECD8E11BA659E200FD1CE4 /* Supporting Files */,
			);
			path = "02-截屏";
			sourceTree = "<group>";
		};
		D2ECD8E11BA659E200FD1CE4 /* Supporting Files */ = {
			isa = PBXGroup;
			children = (
				D2ECD8E21BA659E200FD1CE4 /* Info.plist */,
				D2ECD8E31BA659E200FD1CE4 /* main.m */,
			);
			name = "Supporting Files";
			sourceTree = "<group>";
		};
		D2ECD8FA1BA659E200FD1CE4 /* 02-截屏Tests */ = {
			isa = PBXGroup;
			children = (
				D2ECD8FD1BA659E200FD1CE4 /* _2___Tests.m */,
				D2ECD8FB1BA659E200FD1CE4 /* Supporting Files */,
			);
			path = "02-截屏Tests";
			sourceTree = "<group>";
		};
		D2ECD8FB1BA659E200FD1CE4 /* Supporting Files */ = {
			isa = PBXGroup;
			children = (
				D2ECD8FC1BA659E200FD1CE4 /* Info.plist */,
			);
			name = "Supporting Files";
			sourceTree = "<group>";
		};
/* End PBXGroup section */

/* Begin PBXNativeTarget section */
		D2ECD8DD1BA659E200FD1CE4 /* 02-截屏 */ = {
			isa = PBXNativeTarget;
			buildConfigurationList = D2ECD9011BA659E200FD1CE4 /* Build configuration list for PBXNativeTarget "02-截屏" */;
			buildPhases = (
				D2ECD8DA1BA659E200FD1CE4 /* Sources */,
				D2ECD8DB1BA659E200FD1CE4 /* Frameworks */,
				D2ECD8DC1BA659E200FD1CE4 /* Resources */,
			);
			buildRules = (
			);
			dependencies = (
			);
			name = "02-截屏";
			productName = "02-截屏";
			productReference = D2ECD8DE1BA659E200FD1CE4 /* 02-截屏.app */;
			productType = "com.apple.product-type.application";
		};
		D2ECD8F61BA659E200FD1CE4 /* 02-截屏Tests */ = {
			isa = PBXNativeTarget;
			buildConfigurationList = D2ECD9041BA659E200FD1CE4 /* Build configuration list for PBXNativeTarget "02-截屏Tests" */;
			buildPhases = (
				D2ECD8F31BA659E200FD1CE4 /* Sources */,
				D2ECD8F41BA659E200FD1CE4 /* Frameworks */,
				D2ECD8F51BA659E200FD1CE4 /* Resources */,
			);
			buildRules = (
			);
			dependencies = (
				D2ECD8F91BA659E200FD1CE4 /* PBXTargetDependency */,
			);
			name = "02-截屏Tests";
			productName = "02-截屏Tests";
			productReference = D2ECD8F71BA659E200FD1CE4 /* 02-截屏Tests.xctest */;
			productType = "com.apple.product-type.bundle.unit-test";
		};
/* End PBXNativeTarget section */

/* Begin PBXProject section */
		D2ECD8D61BA659E200FD1CE4 /* Project object */ = {
			isa = PBXProject;
			attributes = {
				LastUpgradeCheck = 0630;
				ORGANIZATIONNAME = Gavin;
				TargetAttributes = {
					D2ECD8DD1BA659E200FD1CE4 = {
						CreatedOnToolsVersion = 6.3.2;
					};
					D2ECD8F61BA659E200FD1CE4 = {
						CreatedOnToolsVersion = 6.3.2;
						TestTargetID = D2ECD8DD1BA659E200FD1CE4;
					};
				};
			};
			buildConfigurationList = D2ECD8D91BA659E200FD1CE4 /* Build configuration list for PBXProject "02-截屏" */;
			compatibilityVersion = "Xcode 3.2";
			developmentRegion = English;
			hasScannedForEncodings = 0;
			knownRegions = (
				en,
				Base,
			);
			mainGroup = D2ECD8D51BA659E200FD1CE4;
			productRefGroup = D2ECD8DF1BA659E200FD1CE4 /* Products */;
			projectDirPath = "";
			projectRoot = "";
			targets = (
				D2ECD8DD1BA659E200FD1CE4 /* 02-截屏 */,
				D2ECD8F61BA659E200FD1CE4 /* 02-截屏Tests */,
			);
		};
/* End PBXProject section */

/* Begin PBXResourcesBuildPhase section */
		D2ECD8DC1BA659E200FD1CE4 /* Resources */ = {
			isa = PBXResourcesBuildPhase;
			buildActionMask = 2147483647;
			files = (
				D2ECD8ED1BA659E200FD1CE4 /* Main.storyboard in Resources */,
				D2ECD8F21BA659E200FD1CE4 /* LaunchScreen.xib in Resources */,
				D2ECD8EF1BA659E200FD1CE4 /* Images.xcassets in Resources */,
			);
			runOnlyForDeploymentPostprocessing = 0;
		};
		D2ECD8F51BA659E200FD1CE4 /* Resources */ = {
			isa = PBXResourcesBuildPhase;
			buildActionMask = 2147483647;
			files = (
			);
			runOnlyForDeploymentPostprocessing = 0;
		};
/* End PBXResourcesBuildPhase section */

/* Begin PBXSourcesBuildPhase section */
		D2ECD8DA1BA659E200FD1CE4 /* Sources */ = {
			isa = PBXSourcesBuildPhase;
			buildActionMask = 2147483647;
			files = (
				D2ECD8EA1BA659E200FD1CE4 /* ViewController.m in Sources */,
				D2ECD8E71BA659E200FD1CE4 /* AppDelegate.m in Sources */,
				D2ECD8E41BA659E200FD1CE4 /* main.m in Sources */,
			);
			runOnlyForDeploymentPostprocessing = 0;
		};
		D2ECD8F31BA659E200FD1CE4 /* Sources */ = {
			isa = PBXSourcesBuildPhase;
			buildActionMask = 2147483647;
			files = (
				D2ECD8FE1BA659E200FD1CE4 /* _2___Tests.m in Sources */,
			);
			runOnlyForDeploymentPostprocessing = 0;
		};
/* End PBXSourcesBuildPhase section */

/* Begin PBXTargetDependency section */
		D2ECD8F91BA659E200FD1CE4 /* PBXTargetDependency */ = {
			isa = PBXTargetDependency;
			target = D2ECD8DD1BA659E200FD1CE4 /* 02-截屏 */;
			targetProxy = D2ECD8F81BA659E200FD1CE4 /* PBXContainerItemProxy */;
		};
/* End PBXTargetDependency section */

/* Begin PBXVariantGroup section */
		D2ECD8EB1BA659E200FD1CE4 /* Main.storyboard */ = {
			isa = PBXVariantGroup;
			children = (
				D2ECD8EC1BA659E200FD1CE4 /* Base */,
			);
			name = Main.storyboard;
			sourceTree = "<group>";
		};
		D2ECD8F01BA659E200FD1CE4 /* LaunchScreen.xib */ = {
			isa = PBXVariantGroup;
			children = (
				D2ECD8F11BA659E200FD1CE4 /* Base */,
			);
			name = LaunchScreen.xib;
			sourceTree = "<group>";
		};
/* End PBXVariantGroup section */

/* Begin XCBuildConfiguration section */
		D2ECD8FF1BA659E200FD1CE4 /* Debug */ = {
			isa = XCBuildConfiguration;
			buildSettings = {
				ALWAYS_SEARCH_USER_PATHS = NO;
				CLANG_CXX_LANGUAGE_STANDARD = "gnu++0x";
				CLANG_CXX_LIBRARY = "libc++";
				CLANG_ENABLE_MODULES = YES;
				CLANG_ENABLE_OBJC_ARC = YES;
				CLANG_WARN_BOOL_CONVERSION = YES;
				CLANG_WARN_CONSTANT_CONVERSION = YES;
				CLANG_WARN_DIRECT_OBJC_ISA_USAGE = YES_ERROR;
				CLANG_WARN_EMPTY_BODY = YES;
				CLANG_WARN_ENUM_CONVERSION = YES;
				CLANG_WARN_INT_CONVERSION = YES;
				CLANG_WARN_OBJC_ROOT_CLASS = YES_ERROR;
				CLANG_WARN_UNREACHABLE_CODE = YES;
				CLANG_WARN__DUPLICATE_METHOD_MATCH = YES;
				"CODE_SIGN_IDENTITY[sdk=iphoneos*]" = "iPhone Developer";
				COPY_PHASE_STRIP = NO;
				DEBUG_INFORMATION_FORMAT = "dwarf-with-dsym";
				ENABLE_STRICT_OBJC_MSGSEND = YES;
				GCC_C_LANGUAGE_STANDARD = gnu99;
				GCC_DYNAMIC_NO_PIC = NO;
				GCC_NO_COMMON_BLOCKS = YES;
				GCC_OPTIMIZATION_LEVEL = 0;
				GCC_PREPROCESSOR_DEFINITIONS = (
					"DEBUG=1",
					"$(inherited)",
				);
				GCC_SYMBOLS_PRIVATE_EXTERN = NO;
				GCC_WARN_64_TO_32_BIT_CONVERSION = YES;
				GCC_WARN_ABOUT_RETURN_TYPE = YES_ERROR;
				GCC_WARN_UNDECLARED_SELECTOR = YES;
				GCC_WARN_UNINITIALIZED_AUTOS = YES_AGGRESSIVE;
				GCC_WARN_UNUSED_FUNCTION = YES;
				GCC_WARN_UNUSED_VARIABLE = YES;
				IPHONEOS_DEPLOYMENT_TARGET = 8.3;
				MTL_ENABLE_DEBUG_INFO = YES;
				ONLY_ACTIVE_ARCH = YES;
				SDKROOT = iphoneos;
				TARGETED_DEVICE_FAMILY = "1,2";
			};
			name = Debug;
		};
		D2ECD9001BA659E200FD1CE4 /* Release */ = {
			isa = XCBuildConfiguration;
			buildSettings = {
				ALWAYS_SEARCH_USER_PATHS = NO;
				CLANG_CXX_LANGUAGE_STANDARD = "gnu++0x";
				CLANG_CXX_LIBRARY = "libc++";
				CLANG_ENABLE_MODULES = YES;
				CLANG_ENABLE_OBJC_ARC = YES;
				CLANG_WARN_BOOL_CONVERSION = YES;
				CLANG_WARN_CONSTANT_CONVERSION = YES;
				CLANG_WARN_DIRECT_OBJC_ISA_USAGE = YES_ERROR;
				CLANG_WARN_EMPTY_BODY = YES;
				CLANG_WARN_ENUM_CONVERSION = YES;
				CLANG_WARN_INT_CONVERSION = YES;
				CLANG_WARN_OBJC_ROOT_CLASS = YES_ERROR;
				CLANG_WARN_UNREACHABLE_CODE = YES;
				CLANG_WARN__DUPLICATE_METHOD_MATCH = YES;
				"CODE_SIGN_IDENTITY[sdk=iphoneos*]" = "iPhone Developer";
				COPY_PHASE_STRIP = NO;
				DEBUG_INFORMATION_FORMAT = "dwarf-with-dsym";
				ENABLE_NS_ASSERTIONS = NO;
				ENABLE_STRICT_OBJC_MSGSEND = YES;
				GCC_C_LANGUAGE_STANDARD = gnu99;
				GCC_NO_COMMON_BLOCKS = YES;
				GCC_WARN_64_TO_32_BIT_CONVERSION = YES;
				GCC_WARN_ABOUT_RETURN_TYPE = YES_ERROR;
				GCC_WARN_UNDECLARED_SELECTOR = YES;
				GCC_WARN_UNINITIALIZED_AUTOS = YES_AGGRESSIVE;
				GCC_WARN_UNUSED_FUNCTION = YES;
				GCC_WARN_UNUSED_VARIABLE = YES;
				IPHONEOS_DEPLOYMENT_TARGET = 8.3;
				MTL_ENABLE_DEBUG_INFO = NO;
				SDKROOT = iphoneos;
				TARGETED_DEVICE_FAMILY = "1,2";
				VALIDATE_PRODUCT = YES;
			};
			name = Release;
		};
		D2ECD9021BA659E200FD1CE4 /* Debug */ = {
			isa = XCBuildConfiguration;
			buildSettings = {
				ASSETCATALOG_COMPILER_APPICON_NAME = AppIcon;
				INFOPLIST_FILE = "02-截屏/Info.plist";
				LD_RUNPATH_SEARCH_PATHS = "$(inherited) @executable_path/Frameworks";
				PRODUCT_NAME = "$(TARGET_NAME)";
			};
			name = Debug;
		};
		D2ECD9031BA659E200FD1CE4 /* Release */ = {
			isa = XCBuildConfiguration;
			buildSettings = {
				ASSETCATALOG_COMPILER_APPICON_NAME = AppIcon;
				INFOPLIST_FILE = "02-截屏/Info.plist";
				LD_RUNPATH_SEARCH_PATHS = "$(inherited) @executable_path/Frameworks";
				PRODUCT_NAME = "$(TARGET_NAME)";
			};
			name = Release;
		};
		D2ECD9051BA659E200FD1CE4 /* Debug */ = {
			isa = XCBuildConfiguration;
			buildSettings = {
				BUNDLE_LOADER = "$(TEST_HOST)";
				FRAMEWORK_SEARCH_PATHS = (
					"$(SDKROOT)/Developer/Library/Frameworks",
					"$(inherited)",
				);
				GCC_PREPROCESSOR_DEFINITIONS = (
					"DEBUG=1",
					"$(inherited)",
				);
				INFOPLIST_FILE = "02-截屏Tests/Info.plist";
				LD_RUNPATH_SEARCH_PATHS = "$(inherited) @executable_path/Frameworks @loader_path/Frameworks";
				PRODUCT_NAME = "$(TARGET_NAME)";
				TEST_HOST = "$(BUILT_PRODUCTS_DIR)/02-截屏.app/02-截屏";
			};
			name = Debug;
		};
		D2ECD9061BA659E200FD1CE4 /* Release */ = {
			isa = XCBuildConfiguration;
			buildSettings = {
				BUNDLE_LOADER = "$(TEST_HOST)";
				FRAMEWORK_SEARCH_PATHS = (
					"$(SDKROOT)/Developer/Library/Frameworks",
					"$(inherited)",
				);
				INFOPLIST_FILE = "02-截屏Tests/Info.plist";
				LD_RUNPATH_SEARCH_PATHS = "$(inherited) @executable_path/Frameworks @loader_path/Frameworks";
				PRODUCT_NAME = "$(TARGET_NAME)";
				TEST_HOST = "$(BUILT_PRODUCTS_DIR)/02-截屏.app/02-截屏";
			};
			name = Release;
		};
/* End XCBuildConfiguration section */

/* Begin XCConfigurationList section */
		D2ECD8D91BA659E200FD1CE4 /* Build configuration list for PBXProject "02-截屏" */ = {
			isa = XCConfigurationList;
			buildConfigurations = (
				D2ECD8FF1BA659E200FD1CE4 /* Debug */,
				D2ECD9001BA659E200FD1CE4 /* Release */,
			);
			defaultConfigurationIsVisible = 0;
			defaultConfigurationName = Release;
		};
		D2ECD9011BA659E200FD1CE4 /* Build configuration list for PBXNativeTarget "02-截屏" */ = {
			isa = XCConfigurationList;
			buildConfigurations = (
				D2ECD9021BA659E200FD1CE4 /* Debug */,
				D2ECD9031BA659E200FD1CE4 /* Release */,
			);
			defaultConfigurationIsVisible = 0;
		};
		D2ECD9041BA659E200FD1CE4 /* Build configuration list for PBXNativeTarget "02-截屏Tests" */ = {
			isa = XCConfigurationList;
			buildConfigurations = (
				D2ECD9051BA659E200FD1CE4 /* Debug */,
				D2ECD9061BA659E200FD1CE4 /* Release */,
			);
			defaultConfigurationIsVisible = 0;
		};
/* End XCConfigurationList section */
	};
	rootObject = D2ECD8D61BA659E200FD1CE4 /* Project object */;
}
